hash: 457d8b28f66ca48cc628ab0a12dce4c7ec1a1ea5e9ee8d8738d97d59e0c7514b
updated: 2016-02-27T13:23:01.921053018-08:00
imports:
- name: golang.org/x/crypto
  version: 1f22c0103821b9390939b6776727195525381532
  subpackages:
  - nacl/secretbox
  - poly1305
  - salsa20/salsa
- name: golang.org/x/net
  version: 4599ae7937fce9b670ce32b8ad32bbb7ae726b3e
  subpackages:
  - ipv4
  - internal/iana
devImports: []
